
Microsoft Visual Studio Solution File, Format Version 12.00
# Visual Studio Version 17
VisualStudioVersion = 17.0.31919.166
MinimumVisualStudioVersion = 10.0.40219.1
Project("{FAE04EC0-301F-11D3-BF4B-00C04F79EFBC}") = "h1-mail-project", "h1-mail-project.csproj", "{DEAF6783-689C-4291-A7B3-0B79180133EB}"
EndProject
Global
	GlobalSection(SolutionConfigurationPlatforms) = preSolution
		Debug|Any CPU = Debug|Any CPU
		Release|Any CPU = Release|Any CPU
	EndGlobalSection
	GlobalSection(ProjectConfigurationPlatforms) = postSolution
		{DEAF6783-689C-4291-A7B3-0B79180133EB}.Debug|Any CPU.ActiveCfg = Debug|Any CPU
		{DEAF6783-689C-4291-A7B3-0B79180133EB}.Debug|Any CPU.Build.0 = Debug|Any CPU
		{DEAF6783-689C-4291-A7B3-0B79180133EB}.Release|Any CPU.ActiveCfg = Release|Any CPU
		{DEAF6783-689C-4291-A7B3-0B79180133EB}.Release|Any CPU.Build.0 = Release|Any CPU
	EndGlobalSection
	GlobalSection(SolutionProperties) = preSolution
		HideSolutionNode = FALSE
	EndGlobalSection
	GlobalSection(ExtensibilityGlobals) = postSolution
		SolutionGuid = {494D6572-1203-47F9-8253-53A47AE5429C}
	EndGlobalSection
EndGlobal
